{
  "version": 4,
  "terraform_version": "1.3.7",
  "serial": 334,
  "lineage": "ab458dca-2bf8-fe8d-b485-05d7ce832441",
  "outputs": {},
  "resources": [
    {
      "mode": "managed",
      "type": "google_compute_firewall",
      "name": "allow_http",
      "provider": "provider[\"registry.terraform.io/hashicorp/google\"]",
      "instances": [
        {
          "schema_version": 1,
          "attributes": {
            "allow": [
              {
                "ports": [
                  "8080",
                  "8081",
                  "9000"
                ],
                "protocol": "tcp"
              }
            ],
            "creation_timestamp": "2023-02-16T12:30:29.094-08:00",
            "deny": [],
            "description": "",
            "destination_ranges": [],
            "direction": "INGRESS",
            "disabled": false,
            "enable_logging": null,
            "id": "projects/protean-bit-376817/global/firewalls/allow-http",
            "log_config": [],
            "name": "allow-http",
            "network": "https://www.googleapis.com/compute/v1/projects/protean-bit-376817/global/networks/default",
            "priority": 1000,
            "project": "protean-bit-376817",
            "self_link": "https://www.googleapis.com/compute/v1/projects/protean-bit-376817/global/firewalls/allow-http",
            "source_ranges": [
              "0.0.0.0/0"
            ],
            "source_service_accounts": [],
            "source_tags": [],
            "target_service_accounts": [],
            "target_tags": [
              "project-instances"
            ],
            "timeouts": null
          },
          "sensitive_attributes": [],
          "private": "eyJlMmJmYjczMC1lY2FhLTExZTYtOGY4OC0zNDM2M2JjN2M0YzAiOnsiY3JlYXRlIjoxMjAwMDAwMDAwMDAwLCJkZWxldGUiOjEyMDAwMDAwMDAwMDAsInVwZGF0ZSI6MTIwMDAwMDAwMDAwMH0sInNjaGVtYV92ZXJzaW9uIjoiMSJ9"
        }
      ]
    },
    {
      "mode": "managed",
      "type": "google_compute_instance",
      "name": "jenkins",
      "provider": "provider[\"registry.terraform.io/hashicorp/google\"]",
      "instances": [
        {
          "schema_version": 6,
          "attributes": {
            "advanced_machine_features": [],
            "allow_stopping_for_update": null,
            "attached_disk": [],
            "boot_disk": [
              {
                "auto_delete": true,
                "device_name": "persistent-disk-0",
                "disk_encryption_key_raw": "",
                "disk_encryption_key_sha256": "",
                "initialize_params": [
                  {
                    "image": "https://www.googleapis.com/compute/v1/projects/ubuntu-os-cloud/global/images/ubuntu-2004-focal-v20230213",
                    "labels": {},
                    "size": 10,
                    "type": "pd-standard"
                  }
                ],
                "kms_key_self_link": "",
                "mode": "READ_WRITE",
                "source": "https://www.googleapis.com/compute/v1/projects/protean-bit-376817/zones/us-central1-a/disks/jenkins"
              }
            ],
            "can_ip_forward": false,
            "confidential_instance_config": [],
            "cpu_platform": "Intel Haswell",
            "current_status": "RUNNING",
            "deletion_protection": false,
            "description": "",
            "desired_status": null,
            "enable_display": false,
            "guest_accelerator": [],
            "hostname": "",
            "id": "projects/protean-bit-376817/zones/us-central1-a/instances/jenkins",
            "instance_id": "1835459388131978722",
            "label_fingerprint": "42WmSpB8rSM=",
            "labels": {},
            "machine_type": "n1-standard-1",
            "metadata": {
              "ssh-keys": "bouchta:ssh-rsa AAAAB3NzaC1yc2EAAAADAQABAAABAQC8tcigUb8AXSE7j3b/finxH1VfhXr/sah6oMA0lNhb4qIiIp49JS9zk7HYDtwSqQxRU2dpA2afFqPgvslX9MlFGRGxvaRIXjSphpwi1u0MoQUt08XVgd6E3yXTqjp351FATtUnE4+ajiIt+WZtnTSas+HCnoIzvHE4zGLhxDaDYW/sv9I95ocR+NhbiEA/trxJ+B/qIyqD5de/Qlqey8FVeqXC5kTxA9FkSBV0m8ENRy7LaDKnLVwe9rnJcA2G6tbuSE3/1Fy/rIPBBL0TbTGOb4+VYwsKJykcvcq/8DyhCD/s/PM4nwy88icC5Juo9qY4TAHTHjtsZXv4yXtuOPgB bouchta"
            },
            "metadata_fingerprint": "zyvh7Q-rDdI=",
            "metadata_startup_script": null,
            "min_cpu_platform": "",
            "name": "jenkins",
            "network_interface": [
              {
                "access_config": [
                  {
                    "nat_ip": "34.121.95.222",
                    "network_tier": "PREMIUM",
                    "public_ptr_domain_name": ""
                  }
                ],
                "alias_ip_range": [],
                "ipv6_access_config": [],
                "ipv6_access_type": "",
                "name": "nic0",
                "network": "https://www.googleapis.com/compute/v1/projects/protean-bit-376817/global/networks/default",
                "network_ip": "10.128.0.3",
                "nic_type": "",
                "queue_count": 0,
                "stack_type": "IPV4_ONLY",
                "subnetwork": "https://www.googleapis.com/compute/v1/projects/protean-bit-376817/regions/us-central1/subnetworks/default",
                "subnetwork_project": "protean-bit-376817"
              }
            ],
            "project": "protean-bit-376817",
            "reservation_affinity": [],
            "resource_policies": [],
            "scheduling": [
              {
                "automatic_restart": true,
                "instance_termination_action": "",
                "min_node_cpus": 0,
                "node_affinities": [],
                "on_host_maintenance": "MIGRATE",
                "preemptible": false,
                "provisioning_model": "STANDARD"
              }
            ],
            "scratch_disk": [],
            "self_link": "https://www.googleapis.com/compute/v1/projects/protean-bit-376817/zones/us-central1-a/instances/jenkins",
            "service_account": [],
            "shielded_instance_config": [
              {
                "enable_integrity_monitoring": true,
                "enable_secure_boot": false,
                "enable_vtpm": true
              }
            ],
            "tags": [
              "http-server",
              "project-instances"
            ],
            "tags_fingerprint": "g9bBtwtsBE0=",
            "timeouts": null,
            "zone": "us-central1-a"
          },
          "sensitive_attributes": [],
          "private": "eyJlMmJmYjczMC1lY2FhLTExZTYtOGY4OC0zNDM2M2JjN2M0YzAiOnsiY3JlYXRlIjoxMjAwMDAwMDAwMDAwLCJkZWxldGUiOjEyMDAwMDAwMDAwMDAsInVwZGF0ZSI6MTIwMDAwMDAwMDAwMH0sInNjaGVtYV92ZXJzaW9uIjoiNiJ9"
        }
      ]
    },
    {
      "mode": "managed",
      "type": "google_compute_instance",
      "name": "sonarqube",
      "provider": "provider[\"registry.terraform.io/hashicorp/google\"]",
      "instances": [
        {
          "schema_version": 6,
          "attributes": {
            "advanced_machine_features": [],
            "allow_stopping_for_update": null,
            "attached_disk": [],
            "boot_disk": [
              {
                "auto_delete": true,
                "device_name": "persistent-disk-0",
                "disk_encryption_key_raw": "",
                "disk_encryption_key_sha256": "",
                "initialize_params": [
                  {
                    "image": "https://www.googleapis.com/compute/v1/projects/ubuntu-os-cloud/global/images/ubuntu-2004-focal-v20230213",
                    "labels": {},
                    "size": 10,
                    "type": "pd-standard"
                  }
                ],
                "kms_key_self_link": "",
                "mode": "READ_WRITE",
                "source": "https://www.googleapis.com/compute/v1/projects/protean-bit-376817/zones/us-central1-a/disks/sonarqube"
              }
            ],
            "can_ip_forward": false,
            "confidential_instance_config": [],
            "cpu_platform": "Intel Haswell",
            "current_status": "RUNNING",
            "deletion_protection": false,
            "description": "",
            "desired_status": null,
            "enable_display": false,
            "guest_accelerator": [],
            "hostname": "",
            "id": "projects/protean-bit-376817/zones/us-central1-a/instances/sonarqube",
            "instance_id": "90788692620421264",
            "label_fingerprint": "42WmSpB8rSM=",
            "labels": null,
            "machine_type": "n1-standard-1",
            "metadata": {
              "ssh-keys": "bouchta:ssh-rsa AAAAB3NzaC1yc2EAAAADAQABAAABAQC8tcigUb8AXSE7j3b/finxH1VfhXr/sah6oMA0lNhb4qIiIp49JS9zk7HYDtwSqQxRU2dpA2afFqPgvslX9MlFGRGxvaRIXjSphpwi1u0MoQUt08XVgd6E3yXTqjp351FATtUnE4+ajiIt+WZtnTSas+HCnoIzvHE4zGLhxDaDYW/sv9I95ocR+NhbiEA/trxJ+B/qIyqD5de/Qlqey8FVeqXC5kTxA9FkSBV0m8ENRy7LaDKnLVwe9rnJcA2G6tbuSE3/1Fy/rIPBBL0TbTGOb4+VYwsKJykcvcq/8DyhCD/s/PM4nwy88icC5Juo9qY4TAHTHjtsZXv4yXtuOPgB bouchta"
            },
            "metadata_fingerprint": "zyvh7Q-rDdI=",
            "metadata_startup_script": null,
            "min_cpu_platform": "",
            "name": "sonarqube",
            "network_interface": [
              {
                "access_config": [
                  {
                    "nat_ip": "34.69.33.174",
                    "network_tier": "PREMIUM",
                    "public_ptr_domain_name": ""
                  }
                ],
                "alias_ip_range": [],
                "ipv6_access_config": [],
                "ipv6_access_type": "",
                "name": "nic0",
                "network": "https://www.googleapis.com/compute/v1/projects/protean-bit-376817/global/networks/default",
                "network_ip": "10.128.15.231",
                "nic_type": "",
                "queue_count": 0,
                "stack_type": "IPV4_ONLY",
                "subnetwork": "https://www.googleapis.com/compute/v1/projects/protean-bit-376817/regions/us-central1/subnetworks/default",
                "subnetwork_project": "protean-bit-376817"
              }
            ],
            "project": "protean-bit-376817",
            "reservation_affinity": [],
            "resource_policies": null,
            "scheduling": [
              {
                "automatic_restart": true,
                "instance_termination_action": "",
                "min_node_cpus": 0,
                "node_affinities": [],
                "on_host_maintenance": "MIGRATE",
                "preemptible": false,
                "provisioning_model": "STANDARD"
              }
            ],
            "scratch_disk": [],
            "self_link": "https://www.googleapis.com/compute/v1/projects/protean-bit-376817/zones/us-central1-a/instances/sonarqube",
            "service_account": [],
            "shielded_instance_config": [
              {
                "enable_integrity_monitoring": true,
                "enable_secure_boot": false,
                "enable_vtpm": true
              }
            ],
            "tags": [
              "http-server",
              "project-instances"
            ],
            "tags_fingerprint": "g9bBtwtsBE0=",
            "timeouts": null,
            "zone": "us-central1-a"
          },
          "sensitive_attributes": [],
          "private": "eyJlMmJmYjczMC1lY2FhLTExZTYtOGY4OC0zNDM2M2JjN2M0YzAiOnsiY3JlYXRlIjoxMjAwMDAwMDAwMDAwLCJkZWxldGUiOjEyMDAwMDAwMDAwMDAsInVwZGF0ZSI6MTIwMDAwMDAwMDAwMH0sInNjaGVtYV92ZXJzaW9uIjoiNiJ9"
        }
      ]
    }
  ],
  "check_results": null
}
